# THIS IS AN AUTOGENERATED FILE. DO NOT EDIT THIS FILE DIRECTLY.
# yarn lockfile v1


react-fetching-library@^1.7.4:
  version "1.7.4"
  resolved "https://registry.yarnpkg.com/react-fetching-library/-/react-fetching-library-1.7.4.tgz#d4f6bf6a866f5d27fc2e9050b7a0e878fc6c7676"
  integrity sha512-PQtWWwSgUuuPyWI5ivItO4/ZqYUkQEeQeKympdvAVIyi6tqvqaY0ZMxonHC+7eC0HHJDU/1GUH7mUPxY8J55pQ==

typescript@^3.9.7:
  version "3.9.7"
  resolved "https://registry.yarnpkg.com/typescript/-/typescript-3.9.7.tgz#98d600a5ebdc38f40cb277522f12dc800e9e25fa"
  integrity sha512-BLbiRkiBzAwsjut4x/dsibSTB6yWpwT5qWmC2OfuCg3GgVQCSgMs4vEctYPhsaGtd0AeuuHMkjZ2h2WG8MSzRw==
